
Microsoft Visual Studio Solution File, Format Version 12.00
# Visual Studio Version 17
VisualStudioVersion = 17.4.33122.133
MinimumVisualStudioVersion = 10.0.40219.1
Project("{FAE04EC0-301F-11D3-BF4B-00C04F79EFBC}") = "Hotkeys", "Hotkeys.csproj", "{94E75314-476A-403E-BF0F-42FE0E267442}"
EndProject
Global
	GlobalSection(SolutionConfigurationPlatforms) = preSolution
		Debug|Any CPU = Debug|Any CPU
		Release|Any CPU = Release|Any CPU
	EndGlobalSection
	GlobalSection(ProjectConfigurationPlatforms) = postSolution
		{94E75314-476A-403E-BF0F-42FE0E267442}.Debug|Any CPU.ActiveCfg = Debug|Any CPU
		{94E75314-476A-403E-BF0F-42FE0E267442}.Debug|Any CPU.Build.0 = Debug|Any CPU
		{94E75314-476A-403E-BF0F-42FE0E267442}.Release|Any CPU.ActiveCfg = Release|Any CPU
		{94E75314-476A-403E-BF0F-42FE0E267442}.Release|Any CPU.Build.0 = Release|Any CPU
	EndGlobalSection
	GlobalSection(SolutionProperties) = preSolution
		HideSolutionNode = FALSE
	EndGlobalSection
	GlobalSection(ExtensibilityGlobals) = postSolution
		SolutionGuid = {55A25D85-177E-453D-A8EB-57CD22494BC5}
	EndGlobalSection
EndGlobal
